
Microsoft Visual Studio Solution File, Format Version 12.00
# Visual Studio Version 16
VisualStudioVersion = 16.0.31515.178
MinimumVisualStudioVersion = 10.0.40219.1
Project("{9A19103F-16F7-4668-BE54-9A1E7A4F7556}") = "PDFDocMan.Api", "PDFDocMan.Api\PDFDocMan.Api.csproj", "{E08CBC1D-1E92-4B32-803A-323AD9597D62}"
EndProject
Project("{FAE04EC0-301F-11D3-BF4B-00C04F79EFBC}") = "PDFDocMan.Test", "PDFDocMan.Test\PDFDocMan.Test.csproj", "{C6CE45AF-6E6C-488A-84D8-88B58343B45E}"
EndProject
Global
	GlobalSection(SolutionConfigurationPlatforms) = preSolution
		Debug|Any CPU = Debug|Any CPU
		Release|Any CPU = Release|Any CPU
	EndGlobalSection
	GlobalSection(ProjectConfigurationPlatforms) = postSolution
		{E08CBC1D-1E92-4B32-803A-323AD9597D62}.Debug|Any CPU.ActiveCfg = Debug|Any CPU
		{E08CBC1D-1E92-4B32-803A-323AD9597D62}.Debug|Any CPU.Build.0 = Debug|Any CPU
		{E08CBC1D-1E92-4B32-803A-323AD9597D62}.Release|Any CPU.ActiveCfg = Release|Any CPU
		{E08CBC1D-1E92-4B32-803A-323AD9597D62}.Release|Any CPU.Build.0 = Release|Any CPU
		{C6CE45AF-6E6C-488A-84D8-88B58343B45E}.Debug|Any CPU.ActiveCfg = Debug|Any CPU
		{C6CE45AF-6E6C-488A-84D8-88B58343B45E}.Debug|Any CPU.Build.0 = Debug|Any CPU
		{C6CE45AF-6E6C-488A-84D8-88B58343B45E}.Release|Any CPU.ActiveCfg = Release|Any CPU
		{C6CE45AF-6E6C-488A-84D8-88B58343B45E}.Release|Any CPU.Build.0 = Release|Any CPU
	EndGlobalSection
	GlobalSection(SolutionProperties) = preSolution
		HideSolutionNode = FALSE
	EndGlobalSection
	GlobalSection(ExtensibilityGlobals) = postSolution
		SolutionGuid = {F316D79B-576F-46B0-BF44-45E8E867467C}
	EndGlobalSection
EndGlobal
